
Microsoft Visual Studio Solution File, Format Version 12.00
# Visual Studio Version 17
VisualStudioVersion = 17.9.34622.214
MinimumVisualStudioVersion = 10.0.40219.1
Project("{FAE04EC0-301F-11D3-BF4B-00C04F79EFBC}") = "TugasMandiri1", "TugasMandiri1.csproj", "{583AF897-2FB0-440D-A1FF-FC7C8748EE5E}"
EndProject
Global
	GlobalSection(SolutionConfigurationPlatforms) = preSolution
		Debug|Any CPU = Debug|Any CPU
		Release|Any CPU = Release|Any CPU
	EndGlobalSection
	GlobalSection(ProjectConfigurationPlatforms) = postSolution
		{583AF897-2FB0-440D-A1FF-FC7C8748EE5E}.Debug|Any CPU.ActiveCfg = Debug|Any CPU
		{583AF897-2FB0-440D-A1FF-FC7C8748EE5E}.Debug|Any CPU.Build.0 = Debug|Any CPU
		{583AF897-2FB0-440D-A1FF-FC7C8748EE5E}.Release|Any CPU.ActiveCfg = Release|Any CPU
		{583AF897-2FB0-440D-A1FF-FC7C8748EE5E}.Release|Any CPU.Build.0 = Release|Any CPU
	EndGlobalSection
	GlobalSection(SolutionProperties) = preSolution
		HideSolutionNode = FALSE
	EndGlobalSection
	GlobalSection(ExtensibilityGlobals) = postSolution
		SolutionGuid = {059B3AC9-205E-4E35-8C60-3F152BFD2DD5}
	EndGlobalSection
EndGlobal
